{
    "_meta": {
        "hash": {
            "sha256": "25213984651af61fb05ea9cfeddd42f1b247b089777254a7455eb2ac8e221289"
        },
        "pipfile-spec": 6,
        "requires": {
            "python_version": "3.9"
        },
        "sources": [
            {
                "name": "pypi",
                "url": "https://pypi.org/simple",
                "verify_ssl": true
            }
        ]
    },
    "default": {
        "attrs": {
            "hashes": [
                "sha256:2d27e3784d7a565d36ab851fe94887c5eccd6a463168875832a1be79c82828b4",
                "sha256:626ba8234211db98e869df76230a137c4c40a12d72445c45d5f5b716f076e2fd"
            ],
            "markers": "python_version >= '2.7' and python_version not in '3.0, 3.1, 3.2, 3.3, 3.4'",
            "version": "==21.4.0"
        },
        "boto3": {
            "hashes": [
                "sha256:9d8ddfefe0c4a993423e2c40831034c78fcb7b3425bf3610cf0087301dd9098b",
                "sha256:c06b9b29f80da8cf6d9fac8f41d74a74d0f5347927acf11b15428b295fcbdd31"
            ],
            "index": "pypi",
            "version": "==1.21.33"
        },
        "botocore": {
            "hashes": [
                "sha256:663d8f02b98641846eb959c54c840cc33264d5f2dee5b8fc09ee8adbef0f8dcf",
                "sha256:89a203bba3c8f2299287e48a9e112e2dbe478cf67eaac26716f0e7f176446146"
            ],
            "markers": "python_version >= '3.6'",
            "version": "==1.24.46"
        },
        "certifi": {
            "hashes": [
                "sha256:78884e7c1d4b00ce3cea67b44566851c4343c120abd683433ce934a68ea58872",
                "sha256:d62a0163eb4c2344ac042ab2bdf75399a71a2d8c7d47eac2e2ee91b9d6339569"
            ],
            "version": "==2021.10.8"
        },
        "charset-normalizer": {
            "hashes": [
                "sha256:2857e29ff0d34db842cd7ca3230549d1a697f96ee6d3fb071cfa6c7393832597",
                "sha256:6881edbebdb17b39b4eaaa821b438bf6eddffb4468cf344f09f89def34a8b1df"
            ],
            "markers": "python_version >= '3'",
            "version": "==2.0.12"
        },
        "click": {
            "hashes": [
                "sha256:7682dc8afb30297001674575ea00d1814d808d6a36af415a82bd481d37ba7b8e",
                "sha256:bb4d8133cb15a609f44e8213d9b391b0809795062913b383c62be0ee95b1db48"
            ],
            "markers": "python_version >= '3.7'",
            "version": "==8.1.3"
        },
        "click-plugins": {
            "hashes": [
                "sha256:46ab999744a9d831159c3411bb0c79346d94a444df9a3a3742e9ed63645f264b",
                "sha256:5d262006d3222f5057fd81e1623d4443e41dcda5dc815c06b442aa3c02889fc8"
            ],
            "version": "==1.1.1"
        },
        "cligj": {
            "hashes": [
                "sha256:a4bc13d623356b373c2c27c53dbd9c68cae5d526270bfa71f6c6fa69669c6b27",
                "sha256:c1ca117dbce1fe20a5809dc96f01e1c2840f6dcc939b3ddbb1111bf330ba82df"
            ],
            "markers": "python_version >= '2.7' and python_version not in '3.0, 3.1, 3.2, 3.3' and python_version < '4'",
            "version": "==0.7.2"
        },
        "fiona": {
            "hashes": [
                "sha256:085f18d943097ac3396f3f9664ac1ae04ad0ff272f54829f03442187f01b6116",
                "sha256:11532ccfda1073d3f5f558e4bb78d45b268e8680fd6e14993a394c564ddbd069",
                "sha256:315e186cb880a8128e110312eb92f5956bbc54d7152af999d3483b463758d6f9",
                "sha256:3789523c811809a6e2e170cf9c437631f959f4c7a868f024081612d30afab468",
                "sha256:388acc9fa07ba7858d508dfe826d4b04d813818bced16c4049de19cc7ca322ef",
                "sha256:39c656421e25b4d0d73d0b6acdcbf9848e71f3d9b74f44c27d2d516d463409ae",
                "sha256:3a0edca2a7a070db405d71187214a43d2333a57b4097544a3fcc282066a58bfc",
                "sha256:40b4eaf5b88407421d6c9e707520abd2ff16d7cd43efb59cd398aa41d2de332c",
                "sha256:43b1d2e45506e56cf3a9f59ba5d6f7981f3f75f4725d1e6cb9a33ba856371ebd",
                "sha256:9fb2407623c4f44732a33b3f056f8c58c54152b51f0324bf8f10945e711eb549",
                "sha256:b69054ed810eb7339d7effa88589afca48003206d7627d0b0b149715fc3fde41"
            ],
            "version": "==1.8.21"
        },
        "geopandas": {
            "hashes": [
                "sha256:1722853464441b603d9be3d35baf8bde43831424a891e82a8545eb8997b65d6c",
                "sha256:efbf47e70732e25c3727222019c92b39b2e0a66ebe4fe379fbe1aa43a2a871db"
            ],
            "index": "pypi",
            "version": "==0.10.2"
        },
        "idna": {
            "hashes": [
                "sha256:84d9dd047ffa80596e0f246e2eab0b391788b0503584e8945f2368256d2735ff",
                "sha256:9d643ff0a55b762d5cdb124b8eaa99c66322e2157b69160bc32796e824360e6d"
            ],
            "markers": "python_version >= '3'",
            "version": "==3.3"
        },
        "jmespath": {
            "hashes": [
                "sha256:a490e280edd1f57d6de88636992d05b71e97d69a26a19f058ecf7d304474bf5e",
                "sha256:e8dcd576ed616f14ec02eed0005c85973b5890083313860136657e24784e4c04"
            ],
            "markers": "python_version >= '3.7'",
            "version": "==1.0.0"
        },
        "munch": {
            "hashes": [
                "sha256:2d735f6f24d4dba3417fa448cae40c6e896ec1fdab6cdb5e6510999758a4dbd2",
                "sha256:6f44af89a2ce4ed04ff8de41f70b226b984db10a91dcc7b9ac2efc1c77022fdd"
            ],
            "version": "==2.5.0"
        },
        "numpy": {
            "hashes": [
                "sha256:07a8c89a04997625236c5ecb7afe35a02af3896c8aa01890a849913a2309c676",
                "sha256:08d9b008d0156c70dc392bb3ab3abb6e7a711383c3247b410b39962263576cd4",
                "sha256:201b4d0552831f7250a08d3b38de0d989d6f6e4658b709a02a73c524ccc6ffce",
                "sha256:2c10a93606e0b4b95c9b04b77dc349b398fdfbda382d2a39ba5a822f669a0123",
                "sha256:3ca688e1b9b95d80250bca34b11a05e389b1420d00e87a0d12dc45f131f704a1",
                "sha256:48a3aecd3b997bf452a2dedb11f4e79bc5bfd21a1d4cc760e703c31d57c84b3e",
                "sha256:568dfd16224abddafb1cbcce2ff14f522abe037268514dd7e42c6776a1c3f8e5",
                "sha256:5bfb1bb598e8229c2d5d48db1860bcf4311337864ea3efdbe1171fb0c5da515d",
                "sha256:639b54cdf6aa4f82fe37ebf70401bbb74b8508fddcf4797f9fe59615b8c5813a",
                "sha256:8251ed96f38b47b4295b1ae51631de7ffa8260b5b087808ef09a39a9d66c97ab",
                "sha256:92bfa69cfbdf7dfc3040978ad09a48091143cffb778ec3b03fa170c494118d75",
                "sha256:97098b95aa4e418529099c26558eeb8486e66bd1e53a6b606d684d0c3616b168",
                "sha256:a3bae1a2ed00e90b3ba5f7bd0a7c7999b55d609e0c54ceb2b076a25e345fa9f4",
                "sha256:c34ea7e9d13a70bf2ab64a2532fe149a9aced424cd05a2c4ba662fd989e3e45f",
                "sha256:dbc7601a3b7472d559dc7b933b18b4b66f9aa7452c120e87dfb33d02008c8a18",
                "sha256:e7927a589df200c5e23c57970bafbd0cd322459aa7b1ff73b7c2e84d6e3eae62",
                "sha256:f8c1f39caad2c896bc0018f699882b345b2a63708008be29b1f355ebf6f933fe",
                "sha256:f950f8845b480cffe522913d35567e29dd381b0dc7e4ce6a4a9f9156417d2430",
                "sha256:fade0d4f4d292b6f39951b6836d7a3c7ef5b2347f3c420cd9820a1d90d794802",
                "sha256:fdf3c08bce27132395d3c3ba1503cac12e17282358cb4bddc25cc46b0aca07aa"
            ],
            "markers": "python_version < '3.10' and platform_machine != 'aarch64' and platform_machine != 'arm64'",
            "version": "==1.22.3"
        },
        "pandas": {
            "hashes": [
                "sha256:0010771bd9223f7afe5f051eb47c4a49534345dfa144f2f5470b27189a4dd3b5",
                "sha256:061609334a8182ab500a90fe66d46f6f387de62d3a9cb9aa7e62e3146c712167",
                "sha256:09d8be7dd9e1c4c98224c4dfe8abd60d145d934e9fc1f5f411266308ae683e6a",
                "sha256:295872bf1a09758aba199992c3ecde455f01caf32266d50abc1a073e828a7b9d",
                "sha256:3228198333dd13c90b6434ddf61aa6d57deaca98cf7b654f4ad68a2db84f8cfe",
                "sha256:385c52e85aaa8ea6a4c600a9b2821181a51f8be0aee3af6f2dcb41dafc4fc1d0",
                "sha256:51649ef604a945f781105a6d2ecf88db7da0f4868ac5d45c51cb66081c4d9c73",
                "sha256:5586cc95692564b441f4747c47c8a9746792e87b40a4680a2feb7794defb1ce3",
                "sha256:5a206afa84ed20e07603f50d22b5f0db3fb556486d8c2462d8bc364831a4b417",
                "sha256:5b79af3a69e5175c6fa7b4e046b21a646c8b74e92c6581a9d825687d92071b51",
                "sha256:5c54ea4ef3823108cd4ec7fb27ccba4c3a775e0f83e39c5e17f5094cb17748bc",
                "sha256:8c5bf555b6b0075294b73965adaafb39cf71c312e38c5935c93d78f41c19828a",
                "sha256:92bc1fc585f1463ca827b45535957815b7deb218c549b7c18402c322c7549a12",
                "sha256:95c1e422ced0199cf4a34385ff124b69412c4bc912011ce895582bee620dfcaa",
                "sha256:b8134651258bce418cb79c71adeff0a44090c98d955f6953168ba16cc285d9f7",
                "sha256:be67c782c4f1b1f24c2f16a157e12c2693fd510f8df18e3287c77f33d124ed07",
                "sha256:c072c7f06b9242c855ed8021ff970c0e8f8b10b35e2640c657d2a541c5950f59",
                "sha256:d0d4f13e4be7ce89d7057a786023c461dd9370040bdb5efa0a7fe76b556867a0",
                "sha256:df82739e00bb6daf4bba4479a40f38c718b598a84654cbd8bb498fd6b0aa8c16",
                "sha256:f549097993744ff8c41b5e8f2f0d3cbfaabe89b4ae32c8c08ead6cc535b80139",
                "sha256:ff08a14ef21d94cdf18eef7c569d66f2e24e0bc89350bcd7d243dd804e3b5eb2"
            ],
            "index": "pypi",
            "version": "==1.4.2"
        },
        "pyarrow": {
            "hashes": [
                "sha256:03a10daad957970e914920b793f6a49416699e791f4c827927fd4e4d892a5d16",
                "sha256:15511ce2f50343f3fd5e9f7c30e4d004da9134e9597e93e9c96c3985928cbe82",
                "sha256:1dd482ccb07c96188947ad94d7536ab696afde23ad172df8e18944ec79f55055",
                "sha256:25a5f7c7f36df520b0b7363ba9f51c3070799d4b05d587c60c0adaba57763479",
                "sha256:3bd201af6e01f475f02be88cf1f6ee9856ab98c11d8bbb6f58347c58cd07be00",
                "sha256:3fee786259d986f8c046100ced54d63b0c8c9f7cdb7d1bbe07dc69e0f928141c",
                "sha256:42b7982301a9ccd06e1dd4fabd2e8e5df74b93ce4c6b87b81eb9e2d86dc79871",
                "sha256:4a18a211ed888f1ac0b0ebcb99e2d9a3e913a481120ee9b1fe33d3fedb945d4e",
                "sha256:51e58778fcb8829fca37fbfaea7f208d5ce7ea89ea133dd13d8ce745278ee6f0",
                "sha256:541e7845ce5f27a861eb5b88ee165d931943347eec17b9ff1e308663531c9647",
                "sha256:65c7f4cc2be195e3db09296d31a654bb6d8786deebcab00f0e2455fd109d7456",
                "sha256:69b043a3fce064ebd9fbae6abc30e885680296e5bd5e6f7353e6a87966cf2ad7",
                "sha256:6ea2c54e6b5ecd64e8299d2abb40770fe83a718f5ddc3825ddd5cd28e352cce1",
                "sha256:78a6ac39cd793582998dac88ab5c1c1dd1e6503df6672f064f33a21937ec1d8d",
                "sha256:81b87b782a1366279411f7b235deab07c8c016e13f9af9f7c7b0ee564fedcc8f",
                "sha256:8392b9a1e837230090fe916415ed4c3433b2ddb1a798e3f6438303c70fbabcfc",
                "sha256:863be6bad6c53797129610930794a3e797cb7d41c0a30e6794a2ac0e42ce41b8",
                "sha256:8cd86e04a899bef43e25184f4b934584861d787cf7519851a8c031803d45c6d8",
                "sha256:95c7822eb37663e073da9892f3499fe28e84f3464711a3e555e0c5463fd53a19",
                "sha256:98c13b2e28a91b0fbf24b483df54a8d7814c074c2623ecef40dce1fa52f6539b",
                "sha256:ba2b7aa7efb59156b87987a06f5241932914e4d5bbb74a465306b00a6c808849",
                "sha256:c9c97c8e288847e091dfbcdf8ce51160e638346f51919a9e74fe038b2e8aee62",
                "sha256:cb06cacc19f3b426681f2f6803cc06ff481e7fe5b3a533b406bc5b2138843d4f",
                "sha256:ce64bc1da3109ef5ab9e4c60316945a7239c798098a631358e9ab39f6e5529e9",
                "sha256:d5ef4372559b191cafe7db8932801eee252bfc35e983304e7d60b6954576a071",
                "sha256:d6f1e1040413651819074ef5b500835c6c42e6c446532a1ddef8bc5054e8dba5",
                "sha256:deb400df8f19a90b662babceb6dd12daddda6bb357c216e558b207c0770c7654",
                "sha256:ea132067ec712d1b1116a841db1c95861508862b21eddbcafefbce8e4b96b867",
                "sha256:ece333706a94c1221ced8b299042f85fd88b5db802d71be70024433ddf3aecab",
                "sha256:edad25522ad509e534400d6ab98cf1872d30c31bc5e947712bfd57def7af15bb"
            ],
            "index": "pypi",
            "version": "==8.0.0"
        },
        "pygeos": {
            "hashes": [
                "sha256:11cb186f6cb9a2453a990a3e9894f861d308c574170d1c6f55a598cb11b87579",
                "sha256:12e06ec4417453f1a95d36b8ba8822569c30f6938dd4a7bac97433cab641b61f",
                "sha256:1f045632a940905c2f380544450bbcd48556b529bdfb9320aac777d90990fc25",
                "sha256:2453c07c9b8a24054f897ed56e8046c7dd743939f7f5d6637fdeafdccc411f29",
                "sha256:25b94e8bc755a8d3e50661995556b2c27d253bfdd55aa719ea3c202de44a9569",
                "sha256:26fae3eabb83a15348c2c3f78892114aca9bc4efaa342ab2fa3fa39a85e05dc5",
                "sha256:3c41542ef67c66015f443ae3e6e683503a8a221f9c24fb2380f6ae42aed1600a",
                "sha256:3cf6d734aea07f04c7644ae24e303a447e96ea123ea524ab309e492ca683240e",
                "sha256:41119e394ea90bf8f697613f530cf92c77ab98346c19cb19beba33a82fd5b91d",
                "sha256:47e7b2614d8982f841e33cc1f18d39b7a654d4d7958d456e4765ff4a9c76589b",
                "sha256:504a03330147d2bb3309f291f4333db892cdba40a66ac4f3db8a2672dff7cf4f",
                "sha256:59971b44e3b8f61e96b159acdc5f9347b94766a4efb94af7b926b1c4958b60d4",
                "sha256:5bc1b9a548848f9c69c913eca8ab0bb9164b35a28da51f86fcc0887c553bd863",
                "sha256:60d103b4c099940ad73f0b193f65dfc77f957646451b8a399e4f1f5835c57ab6",
                "sha256:6ac4ddfbe548d8a3e93732577b8a6d4df071f038338f6c400466b3c2bfe3dc78",
                "sha256:6db68dc4583c88222d32cc624622234a97080b3c4650f0c0e12987664d49f374",
                "sha256:75b5b0aefffb6b7747df299414df4f2e160e3a8993d2b6a86b805fb5b0196f13",
                "sha256:835b7b1b2ef44453ff9d759dd67ee17fb89a52d8cdbd4d1655bf0be6ccfd90c3",
                "sha256:962df97f937d6656ce9293e7072318e99860b0d41f61df9017551855a8bc188e",
                "sha256:a6cf496887f25b99427624399bcd07107660e6f9135466c33dc60ad9bd4c9ebe",
                "sha256:aeaf1f9ae45cf35a25ccdeb2b083e057b31d98cf9351bfc42a59352130ff5c31",
                "sha256:b4ec8fe577ca7ba6dd046481cdb736f99961216fcb54c84211287a10d1158459",
                "sha256:b8fcb175645f57d7a6fa153a1582f9dbf625bb69c55267207b1bc8d2b983013b",
                "sha256:d2fefb3a9cf96d1ee4841772464e82b2ae3a8ddf3caf14ecb04c5fcdae6a7248",
                "sha256:d72e3691e47f44b49d3a23f05bb55eca34ed28b0e7b1b4aeb50207a95ae83f8f",
                "sha256:da856315a4047d581300d860dd2aa01438e64121570bed46c81ad0a90f477db0",
                "sha256:dfad4c0a4b60861f8e571ca409ce128859d26e1ac26a15ee071cf1f222431fdd",
                "sha256:e3593360f1a93d2a6fe1ea75fa84882186bd3851d187e4c4bbb586495c748e3d",
                "sha256:e3bcfb55e966aea26ff8e9b8fd314cee618c363f639e83b1eaaefb66bc97e7b0",
                "sha256:ea7f3ea9c76f8c94ed9b360b4d6249c44d5bc48c8db5cb3a5d4b017e51d1bd8a",
                "sha256:ec4112b69823866fa966ec4869e1b51b6560d892c65c20b3fb065266519046e2",
                "sha256:efcbd52e5602d758b1ff42e67b91b33b1599667b478d0be9c13e17b286cbfcf0",
                "sha256:f155f268676ff7b20a553a542a436be0f8df14233c873facc80214d836d6463b",
                "sha256:f74abd81487839532c7110721f3b1450d0c6bcfb5e18c45d604ddeb75ec99f86"
            ],
            "index": "pypi",
            "version": "==0.12.0"
        },
        "pyproj": {
            "hashes": [
                "sha256:120d45ed73144c65e9677dc73ba8a531c495d179dd9f9f0471ac5acc02d7ac4b",
                "sha256:140fa649fedd04f680a39f8ad339799a55cb1c49f6a84e1b32b97e49646647aa",
                "sha256:1adc9ccd1bf04998493b6a2e87e60656c75ab790653b36cfe351e9ef214828ed",
                "sha256:1ef1bfbe2dcc558c7a98e2f1836abdcd630390f3160724a6f4f5c818b2be0ad5",
                "sha256:2fef9c1e339f25c57f6ae0558b5ab1bbdf7994529a30d8d7504fc6302ea51c03",
                "sha256:3cc4771403db54494e1e55bca8e6d33cde322f8cf0ed39f1557ff109c66d2cd1",
                "sha256:42eea10afc750fccd1c5c4ba56de29ab791ab4d83c1f7db72705566282ac5396",
                "sha256:45487942c19c5a8b09c91964ea3201f4e094518e34743cae373889a36e3d9260",
                "sha256:473961faef7a9fd723c5d432f65220ea6ab3854e606bf84b4d409a75a4261c78",
                "sha256:52efb681647dfac185cc655a709bc0caaf910031a0390f816f5fc8ce150cbedc",
                "sha256:531ea36519fa7b581466d4b6ab32f66ae4dadd9499d726352f71ee5e19c3d1c5",
                "sha256:56b0f9ee2c5b2520b18db30a393a7b86130cf527ddbb8c96e7f3c837474a9d79",
                "sha256:5ab0d6e38fda7c13726afacaf62e9f9dd858089d67910471758afd9cb24e0ecd",
                "sha256:5ca5f32b56210429b367ca4f9a57ffe67975c487af82e179a24370879a3daf68",
                "sha256:5dac03d4338a4c8bd0f69144c527474f517b4cbd7d2d8c532cd8937799723248",
                "sha256:5f92d8f6514516124abb714dce912b20867831162cfff9fae2678ef07b6fcf0f",
                "sha256:67025e37598a6bbed2c9c6c9e4c911f6dd39315d3e1148ead935a5c4d64309d5",
                "sha256:797ad5655d484feac14b0fbb4a4efeaac0cf780a223046e2465494c767fd1c3b",
                "sha256:aba199704c824fb84ab64927e7bc9ef71e603e483130ec0f7e09e97259b8f61f",
                "sha256:aed1a3c0cd4182425f91b48d5db39f459bc2fe0d88017ead6425a1bc85faee33",
                "sha256:b3d8e14d91cc95fb3dbc03a9d0588ac58326803eefa5bbb0978d109de3304fbe",
                "sha256:b59c08aea13ee428cf8a919212d55c036cc94784805ed77c8f31a4d1f541058c",
                "sha256:c99f7b5757a28040a2dd4a28c9805fdf13eef79a796f4a566ab5cb362d10630d"
            ],
            "markers": "python_version >= '3.8'",
            "version": "==3.3.1"
        },
        "python-dateutil": {
            "hashes": [
                "sha256:0123cacc1627ae19ddf3c27a5de5bd67ee4586fbdd6440d9748f8abb483d3e86",
                "sha256:961d03dc3453ebbc59dbdea9e4e11c5651520a876d0f4db161e8674aae935da9"
            ],
            "markers": "python_version >= '2.7' and python_version not in '3.0, 3.1, 3.2, 3.3'",
            "version": "==2.8.2"
        },
        "pytz": {
            "hashes": [
                "sha256:1e760e2fe6a8163bc0b3d9a19c4f84342afa0a2affebfaa84b01b978a02ecaa7",
                "sha256:e68985985296d9a66a881eb3193b0906246245294a881e7c8afe623866ac6a5c"
            ],
            "version": "==2022.1"
        },
        "requests": {
            "hashes": [
                "sha256:68d7c56fd5a8999887728ef304a6d12edc7be74f1cfa47714fc8b414525c9a61",
                "sha256:f22fa1e554c9ddfd16e6e41ac79759e17be9e492b3587efa038054674760e72d"
            ],
            "index": "pypi",
            "version": "==2.27.1"
        },
        "s3transfer": {
            "hashes": [
                "sha256:7a6f4c4d1fdb9a2b640244008e142cbc2cd3ae34b386584ef044dd0f27101971",
                "sha256:95c58c194ce657a5f4fb0b9e60a84968c808888aed628cd98ab8771fe1db98ed"
            ],
            "markers": "python_version >= '3.6'",
            "version": "==0.5.2"
        },
        "setuptools": {
            "hashes": [
                "sha256:5534570b9980fc650d45c62877ff603c7aaaf24893371708736cc016bd221c3c",
                "sha256:ca6ba73b7fd5f734ae70ece8c4c1f7062b07f3352f6428f6277e27c8f5c64237"
            ],
            "markers": "python_version >= '3.7'",
            "version": "==62.2.0"
        },
        "shapely": {
            "hashes": [
                "sha256:0c0fd457ce477b1dced507a72f1e2084c9191bfcb8a1e09886990ebd02acf024",
                "sha256:137f1369630408024a62ff79a437a5657e6c5b76b9cd352dde704b425acdb298",
                "sha256:15a856fbb588ad5d042784e00918c662902776452008c771ecba2ff615cd197a",
                "sha256:1d95842cc6bbbeab673061b63e70b07be9a375c15a60f4098f8fbd29f43af1b4",
                "sha256:256bdf8080bb7bb504d47b2c76919ecebab9708cc1b26266b3ec32b42448f642",
                "sha256:2e02da2e988e74d61f15c720f9f613fab51942aae2dfeacdcb78eadece00e1f3",
                "sha256:3423299254deec075e79fb7dc7909d702104e4167149de7f45510c3a6342eeea",
                "sha256:3a40bf497b57a6625b83996aed10ce2233bca0e5471b8af771b186d681433ac5",
                "sha256:44d2832c1b706bf43101fda92831a083467cc4b4923a7ed17319ab599c1025d8",
                "sha256:5254240eefc44139ab0d128faf671635d8bdd9c23955ee063d4d6b8f20073ae0",
                "sha256:56413f7d32c70b63f239eb0865b24c0c61029e38757de456cc4ab3c416559a0b",
                "sha256:572af9d5006fd5e3213e37ee548912b0341fb26724d6dc8a4e3950c10197ebb6",
                "sha256:62056e64b12b6d483d79f8e34bf058d2fe734d51c9227c1713705399434eff3b",
                "sha256:68c8e18dc9dc8a198c3addc8c9596f64137101f566f04b96ecfca0b214cb8b12",
                "sha256:6bdc7728f1e5df430d8c588661f79f1eed4a2728c8b689e12707cfec217f68f8",
                "sha256:6fcb28836ae93809de1dde73c03c9c24bab0ba2b2bf419ddb2aeb72c96d110e9",
                "sha256:75042e8039c79dd01f102bb288beace9dc2f49fc44a2dea875f9b697aa8cd30d",
                "sha256:78966332a89813b237de357a03f612fd451a871fe6e26c12b6b71645fe8eee39",
                "sha256:7c8eda45085ccdd7f9805ea4a93fdd5eb0b6039a61d5f0cefb960487e6dc17a1",
                "sha256:7c9e3400b716c51ba43eea1678c28272580114e009b6c78cdd00c44df3e325fa",
                "sha256:840be3f27a1152851c54b968f2e12d718c9f13b7acd51c482e58a70f60f29e31",
                "sha256:8e3ed52a081da58eb4a885c157c594876633dbd4eb283f13ba5bf39c82322d76",
                "sha256:8fe641f1f61b3d43dd61b5a85d2ef023e6e19bf8f204a5160a1cb1ec645cbc09",
                "sha256:a58e1f362f2091743e5e13212f5d5d16251a4bb63dd0ed587c652d3be9620d3a",
                "sha256:a60861b5ca2c488ebcdc706eca94d325c26d1567921c74acc83df5e6913590c7",
                "sha256:beee3949ddf381735049cfa6532fb234d5d20a5be910c4f2fb7c7295fd7960e3",
                "sha256:c0a0d7752b145343838bd36ed09382d85f5befe426832d7384c5b051c147acbd",
                "sha256:c60f3758212ec480675b820b13035dda8af8f7cc560d2cc67999b2717fb8faef",
                "sha256:ce0b5c5f7acbccf98b3460eecaa40e9b18272b2a734f74fcddf1d7696e047e95",
                "sha256:cec89a5617c0137f4678282e983c3d63bf838fb00cdf318cc555b4d8409f7130",
                "sha256:d3f3fac625690f01f35af665649e993f15f924e740b5c0ac0376900655815521",
                "sha256:d74de394684d66e25e780b0359fda85be7766af85940fa2dfad728b1a815c71f",
                "sha256:e07b0bd2a0e61a8afd4d1c1bd23f3550b711f01274ffb53de99358fd781eefd8",
                "sha256:f12695662c3ad1e6031b3de98f191963d0f09de6d1a4988acd907405644032ba"
            ],
            "markers": "python_version >= '3.6'",
            "version": "==1.8.2"
        },
        "six": {
            "hashes": [
                "sha256:1e61c37477a1626458e36f7b1d82aa5c9b094fa4802892072e49de9c60c4c926",
                "sha256:8abb2f1d86890a2dfb989f9a77cfcfd3e47c2a354b01111771326f8aa26e0254"
            ],
            "markers": "python_version >= '2.7' and python_version not in '3.0, 3.1, 3.2, 3.3'",
            "version": "==1.16.0"
        },
        "urllib3": {
            "hashes": [
                "sha256:44ece4d53fb1706f667c9bd1c648f5469a2ec925fcf3a776667042d645472c14",
                "sha256:aabaf16477806a5e1dd19aa41f8c2b7950dd3c746362d7e3223dbe6de6ac448e"
            ],
            "markers": "python_version >= '2.7' and python_version not in '3.0, 3.1, 3.2, 3.3, 3.4' and python_version < '4'",
            "version": "==1.26.9"
        }
    },
    "develop": {}
}
